Microsoft Visual Studio Solution File, Format Version 12.00
# Visual Studio Version 17
VisualStudioVersion = 17.5.2.0
MinimumVisualStudioVersion = 10.0.40219.1
Project("{FAE04EC0-301F-11D3-BF4B-00C04F79EFBC}") = "IssueTracker", "IssueTracker\IssueTracker.csproj", "{1B21B98C-2B70-3323-C27A-E8A74F97A8CC}"
EndProject
Global
	GlobalSection(SolutionConfigurationPlatforms) = preSolution
		Debug|Any CPU = Debug|Any CPU
		Release|Any CPU = Release|Any CPU
	EndGlobalSection
	GlobalSection(ProjectConfigurationPlatforms) = postSolution
		{1B21B98C-2B70-3323-C27A-E8A74F97A8CC}.Debug|Any CPU.ActiveCfg = Debug|Any CPU
		{1B21B98C-2B70-3323-C27A-E8A74F97A8CC}.Debug|Any CPU.Build.0 = Debug|Any CPU
		{1B21B98C-2B70-3323-C27A-E8A74F97A8CC}.Release|Any CPU.ActiveCfg = Release|Any CPU
		{1B21B98C-2B70-3323-C27A-E8A74F97A8CC}.Release|Any CPU.Build.0 = Release|Any CPU
	EndGlobalSection
	GlobalSection(SolutionProperties) = preSolution
		HideSolutionNode = FALSE
	EndGlobalSection
	GlobalSection(ExtensibilityGlobals) = postSolution
		SolutionGuid = {FDF1B1E2-21D5-477B-BA02-FE1BBCCC5D10}
	EndGlobalSection
EndGlobal
